
Microsoft Visual Studio Solution File, Format Version 12.00
# Visual Studio 15
VisualStudioVersion = 15.0.27428.1
MinimumVisualStudioVersion = 10.0.40219.1
Project("{FAE04EC0-301F-11D3-BF4B-00C04F79EFBC}") = "FirstXamarin.Android", "FirstXamarin\FirstXamarin.Android\FirstXamarin.Android.csproj", "{6E76352F-2F8F-4229-B369-7396C62CFEC2}"
EndProject
Project("{FAE04EC0-301F-11D3-BF4B-00C04F79EFBC}") = "FirstXamarin.iOS", "FirstXamarin\FirstXamarin.iOS\FirstXamarin.iOS.csproj", "{85499180-1D5E-4B21-AA45-EC21F00AFCFF}"
EndProject
Project("{FAE04EC0-301F-11D3-BF4B-00C04F79EFBC}") = "FirstXamarin.UWP", "FirstXamarin\FirstXamarin.UWP\FirstXamarin.UWP.csproj", "{A694DC44-EFE1-40D4-9ADE-F38AB1C6D6C6}"
EndProject
Project("{D954291E-2A0B-460D-934E-DC6B0785DB48}") = "FirstXamarin", "FirstXamarin\FirstXamarin\FirstXamarin.shproj", "{48492A7B-4355-4317-A2C8-4005D8CCA029}"
EndProject
Global
	GlobalSection(SharedMSBuildProjectFiles) = preSolution
		FirstXamarin\FirstXamarin\FirstXamarin.projitems*{48492a7b-4355-4317-a2c8-4005d8cca029}*SharedItemsImports = 13
		FirstXamarin\FirstXamarin\FirstXamarin.projitems*{6e76352f-2f8f-4229-b369-7396c62cfec2}*SharedItemsImports = 4
		FirstXamarin\FirstXamarin\FirstXamarin.projitems*{85499180-1d5e-4b21-aa45-ec21f00afcff}*SharedItemsImports = 4
		FirstXamarin\FirstXamarin\FirstXamarin.projitems*{a694dc44-efe1-40d4-9ade-f38ab1c6d6c6}*SharedItemsImports = 4
	EndGlobalSection
	GlobalSection(SolutionConfigurationPlatforms) = preSolution
		Ad-Hoc|Any CPU = Ad-Hoc|Any CPU
		Ad-Hoc|ARM = Ad-Hoc|ARM
		Ad-Hoc|iPhone = Ad-Hoc|iPhone
		Ad-Hoc|iPhoneSimulator = Ad-Hoc|iPhoneSimulator
		Ad-Hoc|x64 = Ad-Hoc|x64
		Ad-Hoc|x86 = Ad-Hoc|x86
		AppStore|Any CPU = AppStore|Any CPU
		AppStore|ARM = AppStore|ARM
		AppStore|iPhone = AppStore|iPhone
		AppStore|iPhoneSimulator = AppStore|iPhoneSimulator
		AppStore|x64 = AppStore|x64
		AppStore|x86 = AppStore|x86
		Debug|Any CPU = Debug|Any CPU
		Debug|ARM = Debug|ARM
		Debug|iPhone = Debug|iPhone
		Debug|iPhoneSimulator = Debug|iPhoneSimulator
		Debug|x64 = Debug|x64
		Debug|x86 = Debug|x86
		Release|Any CPU = Release|Any CPU
		Release|ARM = Release|ARM
		Release|iPhone = Release|iPhone
		Release|iPhoneSimulator = Release|iPhoneSimulator
		Release|x64 = Release|x64
		Release|x86 = Release|x86
	EndGlobalSection
	GlobalSection(ProjectConfigurationPlatforms) = postSolution
		{6E76352F-2F8F-4229-B369-7396C62CFEC2}.Ad-Hoc|Any CPU.ActiveCfg = Release|Any CPU
		{6E76352F-2F8F-4229-B369-7396C62CFEC2}.Ad-Hoc|Any CPU.Build.0 = Release|Any CPU
		{6E76352F-2F8F-4229-B369-7396C62CFEC2}.Ad-Hoc|Any CPU.Deploy.0 = Release|Any CPU
		{6E76352F-2F8F-4229-B369-7396C62CFEC2}.Ad-Hoc|ARM.ActiveCfg = Release|Any CPU
		{6E76352F-2F8F-4229-B369-7396C62CFEC2}.Ad-Hoc|ARM.Build.0 = Release|Any CPU
		{6E76352F-2F8F-4229-B369-7396C62CFEC2}.Ad-Hoc|ARM.Deploy.0 = Release|Any CPU
		{6E76352F-2F8F-4229-B369-7396C62CFEC2}.Ad-Hoc|iPhone.ActiveCfg = Release|Any CPU
		{6E76352F-2F8F-4229-B369-7396C62CFEC2}.Ad-Hoc|iPhone.Build.0 = Release|Any CPU
		{6E76352F-2F8F-4229-B369-7396C62CFEC2}.Ad-Hoc|iPhone.Deploy.0 = Release|Any CPU
		{6E76352F-2F8F-4229-B369-7396C62CFEC2}.Ad-Hoc|iPhoneSimulator.ActiveCfg = Release|Any CPU
		{6E76352F-2F8F-4229-B369-7396C62CFEC2}.Ad-Hoc|iPhoneSimulator.Build.0 = Release|Any CPU
		{6E76352F-2F8F-4229-B369-7396C62CFEC2}.Ad-Hoc|iPhoneSimulator.Deploy.0 = Release|Any CPU
		{6E76352F-2F8F-4229-B369-7396C62CFEC2}.Ad-Hoc|x64.ActiveCfg = Release|Any CPU
		{6E76352F-2F8F-4229-B369-7396C62CFEC2}.Ad-Hoc|x64.Build.0 = Release|Any CPU
		{6E76352F-2F8F-4229-B369-7396C62CFEC2}.Ad-Hoc|x64.Deploy.0 = Release|Any CPU
		{6E76352F-2F8F-4229-B369-7396C62CFEC2}.Ad-Hoc|x86.ActiveCfg = Release|Any CPU
		{6E76352F-2F8F-4229-B369-7396C62CFEC2}.Ad-Hoc|x86.Build.0 = Release|Any CPU
		{6E76352F-2F8F-4229-B369-7396C62CFEC2}.Ad-Hoc|x86.Deploy.0 = Release|Any CPU
		{6E76352F-2F8F-4229-B369-7396C62CFEC2}.AppStore|Any CPU.ActiveCfg = Release|Any CPU
		{6E76352F-2F8F-4229-B369-7396C62CFEC2}.AppStore|Any CPU.Build.0 = Release|Any CPU
		{6E76352F-2F8F-4229-B369-7396C62CFEC2}.AppStore|Any CPU.Deploy.0 = Release|Any CPU
		{6E76352F-2F8F-4229-B369-7396C62CFEC2}.AppStore|ARM.ActiveCfg = Release|Any CPU
		{6E76352F-2F8F-4229-B369-7396C62CFEC2}.AppStore|ARM.Build.0 = Release|Any CPU
		{6E76352F-2F8F-4229-B369-7396C62CFEC2}.AppStore|ARM.Deploy.0 = Release|Any CPU
		{6E76352F-2F8F-4229-B369-7396C62CFEC2}.AppStore|iPhone.ActiveCfg = Release|Any CPU
		{6E76352F-2F8F-4229-B369-7396C62CFEC2}.AppStore|iPhone.Build.0 = Release|Any CPU
		{6E76352F-2F8F-4229-B369-7396C62CFEC2}.AppStore|iPhone.Deploy.0 = Release|Any CPU
		{6E76352F-2F8F-4229-B369-7396C62CFEC2}.AppStore|iPhoneSimulator.ActiveCfg = Release|Any CPU
		{6E76352F-2F8F-4229-B369-7396C62CFEC2}.AppStore|iPhoneSimulator.Build.0 = Release|Any CPU
		{6E76352F-2F8F-4229-B369-7396C62CFEC2}.AppStore|iPhoneSimulator.Deploy.0 = Release|Any CPU
		{6E76352F-2F8F-4229-B369-7396C62CFEC2}.AppStore|x64.ActiveCfg = Release|Any CPU
		{6E76352F-2F8F-4229-B369-7396C62CFEC2}.AppStore|x64.Build.0 = Release|Any CPU
		{6E76352F-2F8F-4229-B369-7396C62CFEC2}.AppStore|x64.Deploy.0 = Release|Any CPU
		{6E76352F-2F8F-4229-B369-7396C62CFEC2}.AppStore|x86.ActiveCfg = Release|Any CPU
		{6E76352F-2F8F-4229-B369-7396C62CFEC2}.AppStore|x86.Build.0 = Release|Any CPU
		{6E76352F-2F8F-4229-B369-7396C62CFEC2}.AppStore|x86.Deploy.0 = Release|Any CPU
		{6E76352F-2F8F-4229-B369-7396C62CFEC2}.Debug|Any CPU.ActiveCfg = Debug|Any CPU
		{6E76352F-2F8F-4229-B369-7396C62CFEC2}.Debug|Any CPU.Build.0 = Debug|Any CPU
		{6E76352F-2F8F-4229-B369-7396C62CFEC2}.Debug|Any CPU.Deploy.0 = Debug|Any CPU
		{6E76352F-2F8F-4229-B369-7396C62CFEC2}.Debug|ARM.ActiveCfg = Debug|Any CPU
		{6E76352F-2F8F-4229-B369-7396C62CFEC2}.Debug|ARM.Build.0 = Debug|Any CPU
		{6E76352F-2F8F-4229-B369-7396C62CFEC2}.Debug|ARM.Deploy.0 = Debug|Any CPU
		{6E76352F-2F8F-4229-B369-7396C62CFEC2}.Debug|iPhone.ActiveCfg = Debug|Any CPU
		{6E76352F-2F8F-4229-B369-7396C62CFEC2}.Debug|iPhone.Build.0 = Debug|Any CPU
		{6E76352F-2F8F-4229-B369-7396C62CFEC2}.Debug|iPhone.Deploy.0 = Debug|Any CPU
		{6E76352F-2F8F-4229-B369-7396C62CFEC2}.Debug|iPhoneSimulator.ActiveCfg = Debug|Any CPU
		{6E76352F-2F8F-4229-B369-7396C62CFEC2}.Debug|iPhoneSimulator.Build.0 = Debug|Any CPU
		{6E76352F-2F8F-4229-B369-7396C62CFEC2}.Debug|iPhoneSimulator.Deploy.0 = Debug|Any CPU
		{6E76352F-2F8F-4229-B369-7396C62CFEC2}.Debug|x64.ActiveCfg = Debug|Any CPU
		{6E76352F-2F8F-4229-B369-7396C62CFEC2}.Debug|x64.Build.0 = Debug|Any CPU
		{6E76352F-2F8F-4229-B369-7396C62CFEC2}.Debug|x64.Deploy.0 = Debug|Any CPU
		{6E76352F-2F8F-4229-B369-7396C62CFEC2}.Debug|x86.ActiveCfg = Debug|Any CPU
		{6E76352F-2F8F-4229-B369-7396C62CFEC2}.Debug|x86.Build.0 = Debug|Any CPU
		{6E76352F-2F8F-4229-B369-7396C62CFEC2}.Debug|x86.Deploy.0 = Debug|Any CPU
		{6E76352F-2F8F-4229-B369-7396C62CFEC2}.Release|Any CPU.ActiveCfg = Release|Any CPU
		{6E76352F-2F8F-4229-B369-7396C62CFEC2}.Release|Any CPU.Build.0 = Release|Any CPU
		{6E76352F-2F8F-4229-B369-7396C62CFEC2}.Release|Any CPU.Deploy.0 = Release|Any CPU
		{6E76352F-2F8F-4229-B369-7396C62CFEC2}.Release|ARM.ActiveCfg = Release|Any CPU
		{6E76352F-2F8F-4229-B369-7396C62CFEC2}.Release|ARM.Build.0 = Release|Any CPU
		{6E76352F-2F8F-4229-B369-7396C62CFEC2}.Release|ARM.Deploy.0 = Release|Any CPU
		{6E76352F-2F8F-4229-B369-7396C62CFEC2}.Release|iPhone.ActiveCfg = Release|Any CPU
		{6E76352F-2F8F-4229-B369-7396C62CFEC2}.Release|iPhone.Build.0 = Release|Any CPU
		{6E76352F-2F8F-4229-B369-7396C62CFEC2}.Release|iPhone.Deploy.0 = Release|Any CPU
		{6E76352F-2F8F-4229-B369-7396C62CFEC2}.Release|iPhoneSimulator.ActiveCfg = Release|Any CPU
		{6E76352F-2F8F-4229-B369-7396C62CFEC2}.Release|iPhoneSimulator.Build.0 = Release|Any CPU
		{6E76352F-2F8F-4229-B369-7396C62CFEC2}.Release|iPhoneSimulator.Deploy.0 = Release|Any CPU
		{6E76352F-2F8F-4229-B369-7396C62CFEC2}.Release|x64.ActiveCfg = Release|Any CPU
		{6E76352F-2F8F-4229-B369-7396C62CFEC2}.Release|x64.Build.0 = Release|Any CPU
		{6E76352F-2F8F-4229-B369-7396C62CFEC2}.Release|x64.Deploy.0 = Release|Any CPU
		{6E76352F-2F8F-4229-B369-7396C62CFEC2}.Release|x86.ActiveCfg = Release|Any CPU
		{6E76352F-2F8F-4229-B369-7396C62CFEC2}.Release|x86.Build.0 = Release|Any CPU
		{6E76352F-2F8F-4229-B369-7396C62CFEC2}.Release|x86.Deploy.0 = Release|Any CPU
		{85499180-1D5E-4B21-AA45-EC21F00AFCFF}.Ad-Hoc|Any CPU.ActiveCfg = Ad-Hoc|iPhone
		{85499180-1D5E-4B21-AA45-EC21F00AFCFF}.Ad-Hoc|ARM.ActiveCfg = Ad-Hoc|iPhone
		{85499180-1D5E-4B21-AA45-EC21F00AFCFF}.Ad-Hoc|iPhone.ActiveCfg = Ad-Hoc|iPhone
		{85499180-1D5E-4B21-AA45-EC21F00AFCFF}.Ad-Hoc|iPhone.Build.0 = Ad-Hoc|iPhone
		{85499180-1D5E-4B21-AA45-EC21F00AFCFF}.Ad-Hoc|iPhoneSimulator.ActiveCfg = Ad-Hoc|iPhoneSimulator
		{85499180-1D5E-4B21-AA45-EC21F00AFCFF}.Ad-Hoc|iPhoneSimulator.Build.0 = Ad-Hoc|iPhoneSimulator
		{85499180-1D5E-4B21-AA45-EC21F00AFCFF}.Ad-Hoc|x64.ActiveCfg = Ad-Hoc|iPhone
		{85499180-1D5E-4B21-AA45-EC21F00AFCFF}.Ad-Hoc|x86.ActiveCfg = Ad-Hoc|iPhone
		{85499180-1D5E-4B21-AA45-EC21F00AFCFF}.AppStore|Any CPU.ActiveCfg = AppStore|iPhone
		{85499180-1D5E-4B21-AA45-EC21F00AFCFF}.AppStore|ARM.ActiveCfg = AppStore|iPhone
		{85499180-1D5E-4B21-AA45-EC21F00AFCFF}.AppStore|iPhone.ActiveCfg = AppStore|iPhone
		{85499180-1D5E-4B21-AA45-EC21F00AFCFF}.AppStore|iPhone.Build.0 = AppStore|iPhone
		{85499180-1D5E-4B21-AA45-EC21F00AFCFF}.AppStore|iPhoneSimulator.ActiveCfg = AppStore|iPhoneSimulator
		{85499180-1D5E-4B21-AA45-EC21F00AFCFF}.AppStore|iPhoneSimulator.Build.0 = AppStore|iPhoneSimulator
		{85499180-1D5E-4B21-AA45-EC21F00AFCFF}.AppStore|x64.ActiveCfg = AppStore|iPhone
		{85499180-1D5E-4B21-AA45-EC21F00AFCFF}.AppStore|x86.ActiveCfg = AppStore|iPhone
		{85499180-1D5E-4B21-AA45-EC21F00AFCFF}.Debug|Any CPU.ActiveCfg = Debug|iPhone
		{85499180-1D5E-4B21-AA45-EC21F00AFCFF}.Debug|ARM.ActiveCfg = Debug|iPhone
		{85499180-1D5E-4B21-AA45-EC21F00AFCFF}.Debug|iPhone.ActiveCfg = Debug|iPhone
		{85499180-1D5E-4B21-AA45-EC21F00AFCFF}.Debug|iPhone.Build.0 = Debug|iPhone
		{85499180-1D5E-4B21-AA45-EC21F00AFCFF}.Debug|iPhoneSimulator.ActiveCfg = Debug|iPhoneSimulator
		{85499180-1D5E-4B21-AA45-EC21F00AFCFF}.Debug|iPhoneSimulator.Build.0 = Debug|iPhoneSimulator
		{85499180-1D5E-4B21-AA45-EC21F00AFCFF}.Debug|x64.ActiveCfg = Debug|iPhone
		{85499180-1D5E-4B21-AA45-EC21F00AFCFF}.Debug|x86.ActiveCfg = Debug|iPhone
		{85499180-1D5E-4B21-AA45-EC21F00AFCFF}.Release|Any CPU.ActiveCfg = Release|iPhone
		{85499180-1D5E-4B21-AA45-EC21F00AFCFF}.Release|ARM.ActiveCfg = Release|iPhone
		{85499180-1D5E-4B21-AA45-EC21F00AFCFF}.Release|iPhone.ActiveCfg = Release|iPhone
		{85499180-1D5E-4B21-AA45-EC21F00AFCFF}.Release|iPhone.Build.0 = Release|iPhone
		{85499180-1D5E-4B21-AA45-EC21F00AFCFF}.Release|iPhoneSimulator.ActiveCfg = Release|iPhoneSimulator
		{85499180-1D5E-4B21-AA45-EC21F00AFCFF}.Release|iPhoneSimulator.Build.0 = Release|iPhoneSimulator
		{85499180-1D5E-4B21-AA45-EC21F00AFCFF}.Release|x64.ActiveCfg = Release|iPhone
		{85499180-1D5E-4B21-AA45-EC21F00AFCFF}.Release|x86.ActiveCfg = Release|iPhone
		{A694DC44-EFE1-40D4-9ADE-F38AB1C6D6C6}.Ad-Hoc|Any CPU.ActiveCfg = Release|x86
		{A694DC44-EFE1-40D4-9ADE-F38AB1C6D6C6}.Ad-Hoc|Any CPU.Build.0 = Release|x86
		{A694DC44-EFE1-40D4-9ADE-F38AB1C6D6C6}.Ad-Hoc|Any CPU.Deploy.0 = Release|x86
		{A694DC44-EFE1-40D4-9ADE-F38AB1C6D6C6}.Ad-Hoc|ARM.ActiveCfg = Release|ARM
		{A694DC44-EFE1-40D4-9ADE-F38AB1C6D6C6}.Ad-Hoc|ARM.Build.0 = Release|ARM
		{A694DC44-EFE1-40D4-9ADE-F38AB1C6D6C6}.Ad-Hoc|ARM.Deploy.0 = Release|ARM
		{A694DC44-EFE1-40D4-9ADE-F38AB1C6D6C6}.Ad-Hoc|iPhone.ActiveCfg = Release|x86
		{A694DC44-EFE1-40D4-9ADE-F38AB1C6D6C6}.Ad-Hoc|iPhone.Build.0 = Release|x86
		{A694DC44-EFE1-40D4-9ADE-F38AB1C6D6C6}.Ad-Hoc|iPhone.Deploy.0 = Release|x86
		{A694DC44-EFE1-40D4-9ADE-F38AB1C6D6C6}.Ad-Hoc|iPhoneSimulator.ActiveCfg = Release|x86
		{A694DC44-EFE1-40D4-9ADE-F38AB1C6D6C6}.Ad-Hoc|iPhoneSimulator.Build.0 = Release|x86
		{A694DC44-EFE1-40D4-9ADE-F38AB1C6D6C6}.Ad-Hoc|iPhoneSimulator.Deploy.0 = Release|x86
		{A694DC44-EFE1-40D4-9ADE-F38AB1C6D6C6}.Ad-Hoc|x64.ActiveCfg = Release|x64
		{A694DC44-EFE1-40D4-9ADE-F38AB1C6D6C6}.Ad-Hoc|x64.Build.0 = Release|x64
		{A694DC44-EFE1-40D4-9ADE-F38AB1C6D6C6}.Ad-Hoc|x64.Deploy.0 = Release|x64
		{A694DC44-EFE1-40D4-9ADE-F38AB1C6D6C6}.Ad-Hoc|x86.ActiveCfg = Release|x86
		{A694DC44-EFE1-40D4-9ADE-F38AB1C6D6C6}.Ad-Hoc|x86.Build.0 = Release|x86
		{A694DC44-EFE1-40D4-9ADE-F38AB1C6D6C6}.Ad-Hoc|x86.Deploy.0 = Release|x86
		{A694DC44-EFE1-40D4-9ADE-F38AB1C6D6C6}.AppStore|Any CPU.ActiveCfg = Release|x86
		{A694DC44-EFE1-40D4-9ADE-F38AB1C6D6C6}.AppStore|Any CPU.Build.0 = Release|x86
		{A694DC44-EFE1-40D4-9ADE-F38AB1C6D6C6}.AppStore|Any CPU.Deploy.0 = Release|x86
		{A694DC44-EFE1-40D4-9ADE-F38AB1C6D6C6}.AppStore|ARM.ActiveCfg = Release|ARM
		{A694DC44-EFE1-40D4-9ADE-F38AB1C6D6C6}.AppStore|ARM.Build.0 = Release|ARM
		{A694DC44-EFE1-40D4-9ADE-F38AB1C6D6C6}.AppStore|ARM.Deploy.0 = Release|ARM
		{A694DC44-EFE1-40D4-9ADE-F38AB1C6D6C6}.AppStore|iPhone.ActiveCfg = Release|x86
		{A694DC44-EFE1-40D4-9ADE-F38AB1C6D6C6}.AppStore|iPhone.Build.0 = Release|x86
		{A694DC44-EFE1-40D4-9ADE-F38AB1C6D6C6}.AppStore|iPhone.Deploy.0 = Release|x86
		{A694DC44-EFE1-40D4-9ADE-F38AB1C6D6C6}.AppStore|iPhoneSimulator.ActiveCfg = Release|x86
		{A694DC44-EFE1-40D4-9ADE-F38AB1C6D6C6}.AppStore|iPhoneSimulator.Build.0 = Release|x86
		{A694DC44-EFE1-40D4-9ADE-F38AB1C6D6C6}.AppStore|iPhoneSimulator.Deploy.0 = Release|x86
		{A694DC44-EFE1-40D4-9ADE-F38AB1C6D6C6}.AppStore|x64.ActiveCfg = Release|x64
		{A694DC44-EFE1-40D4-9ADE-F38AB1C6D6C6}.AppStore|x64.Build.0 = Release|x64
		{A694DC44-EFE1-40D4-9ADE-F38AB1C6D6C6}.AppStore|x64.Deploy.0 = Release|x64
		{A694DC44-EFE1-40D4-9ADE-F38AB1C6D6C6}.AppStore|x86.ActiveCfg = Release|x86
		{A694DC44-EFE1-40D4-9ADE-F38AB1C6D6C6}.AppStore|x86.Build.0 = Release|x86
		{A694DC44-EFE1-40D4-9ADE-F38AB1C6D6C6}.AppStore|x86.Deploy.0 = Release|x86
		{A694DC44-EFE1-40D4-9ADE-F38AB1C6D6C6}.Debug|Any CPU.ActiveCfg = Debug|x86
		{A694DC44-EFE1-40D4-9ADE-F38AB1C6D6C6}.Debug|ARM.ActiveCfg = Debug|ARM
		{A694DC44-EFE1-40D4-9ADE-F38AB1C6D6C6}.Debug|ARM.Build.0 = Debug|ARM
		{A694DC44-EFE1-40D4-9ADE-F38AB1C6D6C6}.Debug|ARM.Deploy.0 = Debug|ARM
		{A694DC44-EFE1-40D4-9ADE-F38AB1C6D6C6}.Debug|iPhone.ActiveCfg = Debug|x86
		{A694DC44-EFE1-40D4-9ADE-F38AB1C6D6C6}.Debug|iPhoneSimulator.ActiveCfg = Debug|x86
		{A694DC44-EFE1-40D4-9ADE-F38AB1C6D6C6}.Debug|x64.ActiveCfg = Debug|x64
		{A694DC44-EFE1-40D4-9ADE-F38AB1C6D6C6}.Debug|x64.Build.0 = Debug|x64
		{A694DC44-EFE1-40D4-9ADE-F38AB1C6D6C6}.Debug|x64.Deploy.0 = Debug|x64
		{A694DC44-EFE1-40D4-9ADE-F38AB1C6D6C6}.Debug|x86.ActiveCfg = Debug|x86
		{A694DC44-EFE1-40D4-9ADE-F38AB1C6D6C6}.Debug|x86.Build.0 = Debug|x86
		{A694DC44-EFE1-40D4-9ADE-F38AB1C6D6C6}.Debug|x86.Deploy.0 = Debug|x86
		{A694DC44-EFE1-40D4-9ADE-F38AB1C6D6C6}.Release|Any CPU.ActiveCfg = Release|x86
		{A694DC44-EFE1-40D4-9ADE-F38AB1C6D6C6}.Release|ARM.ActiveCfg = Release|ARM
		{A694DC44-EFE1-40D4-9ADE-F38AB1C6D6C6}.Release|ARM.Build.0 = Release|ARM
		{A694DC44-EFE1-40D4-9ADE-F38AB1C6D6C6}.Release|ARM.Deploy.0 = Release|ARM
		{A694DC44-EFE1-40D4-9ADE-F38AB1C6D6C6}.Release|iPhone.ActiveCfg = Release|x86
		{A694DC44-EFE1-40D4-9ADE-F38AB1C6D6C6}.Release|iPhoneSimulator.ActiveCfg = Release|x86
		{A694DC44-EFE1-40D4-9ADE-F38AB1C6D6C6}.Release|x64.ActiveCfg = Release|x64
		{A694DC44-EFE1-40D4-9ADE-F38AB1C6D6C6}.Release|x64.Build.0 = Release|x64
		{A694DC44-EFE1-40D4-9ADE-F38AB1C6D6C6}.Release|x64.Deploy.0 = Release|x64
		{A694DC44-EFE1-40D4-9ADE-F38AB1C6D6C6}.Release|x86.ActiveCfg = Release|x86
		{A694DC44-EFE1-40D4-9ADE-F38AB1C6D6C6}.Release|x86.Build.0 = Release|x86
		{A694DC44-EFE1-40D4-9ADE-F38AB1C6D6C6}.Release|x86.Deploy.0 = Release|x86
	EndGlobalSection
	GlobalSection(SolutionProperties) = preSolution
		HideSolutionNode = FALSE
	EndGlobalSection
	GlobalSection(ExtensibilityGlobals) = postSolution
		SolutionGuid = {11D26863-C1DA-4608-AB78-BFB2523D648A}
	EndGlobalSection
EndGlobal
